{
  "name": "my-lit-app",
  "version": "0.0.0",
  "lockfileVersion": 1,
  "requires": true,
  "dependencies": {
    "@lit/reactive-element": {
      "version": "1.2.0",
      "resolved": "https://registry.npmjs.org/@lit/reactive-element/-/reactive-element-1.2.0.tgz",
      "integrity": "sha512-7i/Fz8enAQ2AN5DyJ2i2AFERufjP6x1NjuHoNgDyJkjjHxEoo8kVyyHxu1A9YyeShlksjt5FvpvENBDuivQHLA=="
    },
    "@open-wc/dedupe-mixin": {
      "version": "1.3.0",
      "resolved": "https://registry.npmjs.org/@open-wc/dedupe-mixin/-/dedupe-mixin-1.3.0.tgz",
      "integrity": "sha512-UfdK1MPnR6T7f3svzzYBfu3qBkkZ/KsPhcpc3JYhsUY4hbpwNF9wEQtD4Z+/mRqMTJrKg++YSxIxE0FBhY3RIw=="
    },
    "@polymer/iron-flex-layout": {
      "version": "3.0.1",
      "resolved": "https://registry.npmjs.org/@polymer/iron-flex-layout/-/iron-flex-layout-3.0.1.tgz",
      "integrity": "sha512-7gB869czArF+HZcPTVSgvA7tXYFze9EKckvM95NB7SqYF+NnsQyhoXgKnpFwGyo95lUjUW9TFDLUwDXnCYFtkw==",
      "requires": {
        "@polymer/polymer": "^3.0.0"
      }
    },
    "@polymer/iron-icon": {
      "version": "3.0.1",
      "resolved": "https://registry.npmjs.org/@polymer/iron-icon/-/iron-icon-3.0.1.tgz",
      "integrity": "sha512-QLPwirk+UPZNaLnMew9VludXA4CWUCenRewgEcGYwdzVgDPCDbXxy6vRJjmweZobMQv/oVLppT2JZtJFnPxX6g==",
      "requires": {
        "@polymer/iron-flex-layout": "^3.0.0-pre.26",
        "@polymer/iron-meta": "^3.0.0-pre.26",
        "@polymer/polymer": "^3.0.0"
      }
    },
    "@polymer/iron-iconset-svg": {
      "version": "3.0.1",
      "resolved": "https://registry.npmjs.org/@polymer/iron-iconset-svg/-/iron-iconset-svg-3.0.1.tgz",
      "integrity": "sha512-XNwURbNHRw6u2fJe05O5fMYye6GSgDlDqCO+q6K1zAnKIrpgZwf2vTkBd5uCcZwsN0FyCB3mvNZx4jkh85dRDw==",
      "requires": {
        "@polymer/iron-meta": "^3.0.0-pre.26",
        "@polymer/polymer": "^3.0.0"
      }
    },
    "@polymer/iron-meta": {
      "version": "3.0.1",
      "resolved": "https://registry.npmjs.org/@polymer/iron-meta/-/iron-meta-3.0.1.tgz",
      "integrity": "sha512-pWguPugiLYmWFV9UWxLWzZ6gm4wBwQdDy4VULKwdHCqR7OP7u98h+XDdGZsSlDPv6qoryV/e3tGHlTIT0mbzJA==",
      "requires": {
        "@polymer/polymer": "^3.0.0"
      }
    },
    "@polymer/polymer": {
      "version": "3.4.1",
      "resolved": "https://registry.npmjs.org/@polymer/polymer/-/polymer-3.4.1.tgz",
      "integrity": "sha512-KPWnhDZibtqKrUz7enIPOiO4ZQoJNOuLwqrhV2MXzIt3VVnUVJVG5ORz4Z2sgO+UZ+/UZnPD0jqY+jmw/+a9mQ==",
      "requires": {
        "@webcomponents/shadycss": "^1.9.1"
      }
    },
    "@types/trusted-types": {
      "version": "2.0.2",
      "resolved": "https://registry.npmjs.org/@types/trusted-types/-/trusted-types-2.0.2.tgz",
      "integrity": "sha512-F5DIZ36YVLE+PN+Zwws4kJogq47hNgX3Nx6WyDJ3kcplxyke3XIzB8uK5n/Lpm1HBsbGzd6nmGehL8cPekP+Tg=="
    },
    "@vaadin/button": {
      "version": "22.0.3",
      "resolved": "https://registry.npmjs.org/@vaadin/button/-/button-22.0.3.tgz",
      "integrity": "sha512-I9m8qPgiymNycyQUNQqg+FVCcSC253q6JqqNZnNayCzXFJ2/gAyVzf+2pP+cP2yMmv5lyCInJysoCqR1ri3LoQ==",
      "requires": {
        "@polymer/polymer": "^3.0.0",
        "@vaadin/component-base": "^22.0.3",
        "@vaadin/vaadin-lumo-styles": "^22.0.3",
        "@vaadin/vaadin-material-styles": "^22.0.3",
        "@vaadin/vaadin-themable-mixin": "^22.0.3"
      }
    },
    "@vaadin/checkbox": {
      "version": "22.0.3",
      "resolved": "https://registry.npmjs.org/@vaadin/checkbox/-/checkbox-22.0.3.tgz",
      "integrity": "sha512-7NRi02zMT7OimixPRRizS4igfMO44WpaEj6eCMlBXh3qpSUL64kwZpSZF04DspQ9l9XAOpo3r9U/xXao2fPJ4g==",
      "requires": {
        "@polymer/polymer": "^3.0.0",
        "@vaadin/component-base": "^22.0.3",
        "@vaadin/field-base": "^22.0.3",
        "@vaadin/vaadin-lumo-styles": "^22.0.3",
        "@vaadin/vaadin-material-styles": "^22.0.3",
        "@vaadin/vaadin-themable-mixin": "^22.0.3"
      }
    },
    "@vaadin/checkbox-group": {
      "version": "22.0.3",
      "resolved": "https://registry.npmjs.org/@vaadin/checkbox-group/-/checkbox-group-22.0.3.tgz",
      "integrity": "sha512-tS0StpLCH9Zjg/2JawKuGJfOKDG3YG5cQBhiZP2pQZDy9LboRJdqo8o8ykHcFT+vPxvmbnfrOaaquBiT2N+9lA==",
      "requires": {
        "@polymer/polymer": "^3.0.0",
        "@vaadin/checkbox": "^22.0.3",
        "@vaadin/component-base": "^22.0.3",
        "@vaadin/vaadin-lumo-styles": "^22.0.3",
        "@vaadin/vaadin-material-styles": "^22.0.3",
        "@vaadin/vaadin-themable-mixin": "^22.0.3"
      }
    },
    "@vaadin/component-base": {
      "version": "22.0.3",
      "resolved": "https://registry.npmjs.org/@vaadin/component-base/-/component-base-22.0.3.tgz",
      "integrity": "sha512-ka9c0RT4Q4yVnJjqnAC73nIOpOikL6/7hVLq5nPnbOinnIVZeR7LJz4jZyhtf1WCMvuelJzqBXAu6Slk4FQn2A==",
      "requires": {
        "@open-wc/dedupe-mixin": "^1.3.0",
        "@polymer/polymer": "^3.0.0",
        "@vaadin/vaadin-development-mode-detector": "^2.0.0",
        "@vaadin/vaadin-usage-statistics": "^2.1.0",
        "lit": "^2.0.0"
      }
    },
    "@vaadin/email-field": {
      "version": "22.0.3",
      "resolved": "https://registry.npmjs.org/@vaadin/email-field/-/email-field-22.0.3.tgz",
      "integrity": "sha512-iFo+2XW5cYN+AnJedhfLG8L2tl5bsvdjNNbITxeaDKi54jtuIzg+2dS7curjS4xmnl3tHDX9woVBnA7N2C1OOA==",
      "requires": {
        "@polymer/polymer": "^3.0.0",
        "@vaadin/component-base": "^22.0.3",
        "@vaadin/text-field": "^22.0.3",
        "@vaadin/vaadin-lumo-styles": "^22.0.3",
        "@vaadin/vaadin-material-styles": "^22.0.3",
        "@vaadin/vaadin-themable-mixin": "^22.0.3"
      }
    },
    "@vaadin/field-base": {
      "version": "22.0.3",
      "resolved": "https://registry.npmjs.org/@vaadin/field-base/-/field-base-22.0.3.tgz",
      "integrity": "sha512-patgQHF3We8uOQKDRUoTTGCfNBfKCkB5GlhJOHFxhwwYava1+/M7ihNbLqfrFRYgBbwBa7iqpM06Uu3TUrMTRw==",
      "requires": {
        "@open-wc/dedupe-mixin": "^1.3.0",
        "@polymer/polymer": "^3.0.0",
        "@vaadin/component-base": "^22.0.3",
        "lit": "^2.0.0"
      }
    },
    "@vaadin/icon": {
      "version": "22.0.3",
      "resolved": "https://registry.npmjs.org/@vaadin/icon/-/icon-22.0.3.tgz",
      "integrity": "sha512-ffwWk+SF+yST5ItNcN1jyfAgyNoezacDpeHU/CuUCG+mGHZrI7KA83BHOmSXvl9BbcY0Uc2b64I5vkpUKST9bg==",
      "requires": {
        "@polymer/polymer": "^3.0.0",
        "@vaadin/component-base": "^22.0.3",
        "@vaadin/vaadin-lumo-styles": "^22.0.3",
        "@vaadin/vaadin-themable-mixin": "^22.0.3",
        "lit": "^2.0.0"
      }
    },
    "@vaadin/input-container": {
      "version": "22.0.3",
      "resolved": "https://registry.npmjs.org/@vaadin/input-container/-/input-container-22.0.3.tgz",
      "integrity": "sha512-kMw6eaFMQh9ACovg2rspVBOsAH50e/8pdTY7a+GSE13zayU7V37ScGUZJjh9gCr5Yks2hudhgfZTPOjb1UfSIQ==",
      "requires": {
        "@polymer/polymer": "^3.0.0",
        "@vaadin/component-base": "^22.0.3",
        "@vaadin/vaadin-lumo-styles": "^22.0.3",
        "@vaadin/vaadin-material-styles": "^22.0.3",
        "@vaadin/vaadin-themable-mixin": "^22.0.3"
      }
    },
    "@vaadin/integer-field": {
      "version": "22.0.3",
      "resolved": "https://registry.npmjs.org/@vaadin/integer-field/-/integer-field-22.0.3.tgz",
      "integrity": "sha512-0ZEff6k9SV4efhBcNj1jV3c3rYtgWC+3rsoBxhiJ1KMFiGxRlf90FNHllpkGG2jXvrCf9asF8OYKnNeUdCVgNw==",
      "requires": {
        "@polymer/polymer": "^3.0.0",
        "@vaadin/number-field": "^22.0.3",
        "@vaadin/vaadin-lumo-styles": "^22.0.3",
        "@vaadin/vaadin-material-styles": "^22.0.3"
      }
    },
    "@vaadin/number-field": {
      "version": "22.0.3",
      "resolved": "https://registry.npmjs.org/@vaadin/number-field/-/number-field-22.0.3.tgz",
      "integrity": "sha512-qRWUWgAoTvqkDFY19rgEKdrSrdPCz9Ecx3l8elxMLXpJ1xtEiWxPhakSHez6z8RhvE9oQB7lgR+dp7h55w7Htw==",
      "requires": {
        "@polymer/polymer": "^3.0.0",
        "@vaadin/component-base": "^22.0.3",
        "@vaadin/field-base": "^22.0.3",
        "@vaadin/input-container": "^22.0.3",
        "@vaadin/vaadin-lumo-styles": "^22.0.3",
        "@vaadin/vaadin-material-styles": "^22.0.3",
        "@vaadin/vaadin-themable-mixin": "^22.0.3"
      }
    },
    "@vaadin/password-field": {
      "version": "22.0.3",
      "resolved": "https://registry.npmjs.org/@vaadin/password-field/-/password-field-22.0.3.tgz",
      "integrity": "sha512-KR5XHQ3htllZxruFiCgtE6JJWkrj6O+F6gxj06iVJJWchnoFW3iFlAxMy+8Y2oXthqspvNkJrZ0fODeyB6OzOA==",
      "requires": {
        "@polymer/polymer": "^3.0.0",
        "@vaadin/text-field": "^22.0.3",
        "@vaadin/vaadin-lumo-styles": "^22.0.3",
        "@vaadin/vaadin-material-styles": "^22.0.3"
      }
    },
    "@vaadin/radio-group": {
      "version": "22.0.3",
      "resolved": "https://registry.npmjs.org/@vaadin/radio-group/-/radio-group-22.0.3.tgz",
      "integrity": "sha512-A03m5SlF2TcyosYRitGlaHYkqMF3GcxyDle5bDuuk3kx0UMWtRxWoE4up+fosHFukPcUnNNQWUEQLDueGG+4dg==",
      "requires": {
        "@polymer/polymer": "^3.0.0",
        "@vaadin/component-base": "^22.0.3",
        "@vaadin/field-base": "^22.0.3",
        "@vaadin/vaadin-lumo-styles": "^22.0.3",
        "@vaadin/vaadin-material-styles": "^22.0.3",
        "@vaadin/vaadin-themable-mixin": "^22.0.3"
      }
    },
    "@vaadin/text-area": {
      "version": "22.0.3",
      "resolved": "https://registry.npmjs.org/@vaadin/text-area/-/text-area-22.0.3.tgz",
      "integrity": "sha512-j+IBtECzICUXp5gUEzb0Y2EDW6kr7n9IQhc9YPwgVTuHL7p2AAwRFqSK3mmDcE0tS51ZeXENIiqBCj70MmJlyQ==",
      "requires": {
        "@polymer/polymer": "^3.0.0",
        "@vaadin/component-base": "^22.0.3",
        "@vaadin/field-base": "^22.0.3",
        "@vaadin/input-container": "^22.0.3",
        "@vaadin/vaadin-lumo-styles": "^22.0.3",
        "@vaadin/vaadin-material-styles": "^22.0.3",
        "@vaadin/vaadin-themable-mixin": "^22.0.3"
      }
    },
    "@vaadin/text-field": {
      "version": "22.0.3",
      "resolved": "https://registry.npmjs.org/@vaadin/text-field/-/text-field-22.0.3.tgz",
      "integrity": "sha512-GloDPeHusZhu5wMU7fgnxxdfTl5k59PJqn3XI9TXtnQjOx+r7oYO1HpCMlP6hexlQHpDu7faXQtzk1HQNUUY2w==",
      "requires": {
        "@polymer/polymer": "^3.0.0",
        "@vaadin/component-base": "^22.0.3",
        "@vaadin/field-base": "^22.0.3",
        "@vaadin/input-container": "^22.0.3",
        "@vaadin/vaadin-lumo-styles": "^22.0.3",
        "@vaadin/vaadin-material-styles": "^22.0.3",
        "@vaadin/vaadin-themable-mixin": "^22.0.3"
      }
    },
    "@vaadin/vaadin-button": {
      "version": "22.0.3",
      "resolved": "https://registry.npmjs.org/@vaadin/vaadin-button/-/vaadin-button-22.0.3.tgz",
      "integrity": "sha512-gShKbY+m98eDaZT3NmUQUnDnxc9mVQa2Xz3FCht9toYvzllljPOmgmVZhp2r/xIfC7SFTa2NLe/gNiDDU4dV3A==",
      "requires": {
        "@vaadin/button": "^22.0.3"
      }
    },
    "@vaadin/vaadin-checkbox": {
      "version": "22.0.3",
      "resolved": "https://registry.npmjs.org/@vaadin/vaadin-checkbox/-/vaadin-checkbox-22.0.3.tgz",
      "integrity": "sha512-Qo4wlqGGggSq+v19KY/YgvFpiNzrfWFIruJKytmd2n/nAk6PuYQ57hSxhJrJB7o2KBgJCKHiwx2zUChGmra1CA==",
      "requires": {
        "@vaadin/checkbox": "^22.0.3",
        "@vaadin/checkbox-group": "^22.0.3"
      }
    },
    "@vaadin/vaadin-development-mode-detector": {
      "version": "2.0.4",
      "resolved": "https://registry.npmjs.org/@vaadin/vaadin-development-mode-detector/-/vaadin-development-mode-detector-2.0.4.tgz",
      "integrity": "sha512-S+PaFrZpK8uBIOnIHxjntTrgumd5ztuCnZww96ydGKXgo9whXfZsbMwDuD/102a/IuPUMyF+dh/n3PbWzJ6igA=="
    },
    "@vaadin/vaadin-lumo-styles": {
      "version": "22.0.3",
      "resolved": "https://registry.npmjs.org/@vaadin/vaadin-lumo-styles/-/vaadin-lumo-styles-22.0.3.tgz",
      "integrity": "sha512-lzZZR7OO0INWra3ZQus4SuSMx3nTUZo7MISopY7vjV6AHVmPfuyMEtwgHAaII0QviL/qmrAzbpxJm79AIlBYUA==",
      "requires": {
        "@polymer/iron-icon": "^3.0.0",
        "@polymer/iron-iconset-svg": "^3.0.0",
        "@polymer/polymer": "^3.0.0",
        "@vaadin/icon": "^22.0.3",
        "@vaadin/vaadin-themable-mixin": "^22.0.3"
      }
    },
    "@vaadin/vaadin-material-styles": {
      "version": "22.0.3",
      "resolved": "https://registry.npmjs.org/@vaadin/vaadin-material-styles/-/vaadin-material-styles-22.0.3.tgz",
      "integrity": "sha512-sc9bVU0urVlDJhNggGEsI3ql5RX+aPVn+Pq8X/SXuGEeSnyyhRGztUNquKBuGPSLsQbdOI+4EuHbJFNqOgQn7A==",
      "requires": {
        "@polymer/polymer": "^3.0.0",
        "@vaadin/vaadin-themable-mixin": "^22.0.3"
      }
    },
    "@vaadin/vaadin-radio-button": {
      "version": "22.0.3",
      "resolved": "https://registry.npmjs.org/@vaadin/vaadin-radio-button/-/vaadin-radio-button-22.0.3.tgz",
      "integrity": "sha512-nC3QeUUjVQO7FU51aEwMzIZa8FmYe3rpRjxL8A1o3MthyFoholAEG+XfiJbpYqi9iX3kBc7NZC6/sAuWkC6mDg==",
      "requires": {
        "@vaadin/radio-group": "^22.0.3"
      }
    },
    "@vaadin/vaadin-text-field": {
      "version": "22.0.3",
      "resolved": "https://registry.npmjs.org/@vaadin/vaadin-text-field/-/vaadin-text-field-22.0.3.tgz",
      "integrity": "sha512-OozDyvOKCBJQlgcXi678QWuYKTkz6mGWURD6Rz8zf3GeLYXVxAtT8hTh13BD5KQo2aV7rzd/wcWVkIEraEFm6A==",
      "requires": {
        "@polymer/polymer": "^3.0.0",
        "@vaadin/email-field": "^22.0.3",
        "@vaadin/integer-field": "^22.0.3",
        "@vaadin/number-field": "^22.0.3",
        "@vaadin/password-field": "^22.0.3",
        "@vaadin/text-area": "^22.0.3",
        "@vaadin/text-field": "^22.0.3"
      }
    },
    "@vaadin/vaadin-themable-mixin": {
      "version": "22.0.3",
      "resolved": "https://registry.npmjs.org/@vaadin/vaadin-themable-mixin/-/vaadin-themable-mixin-22.0.3.tgz",
      "integrity": "sha512-f8ECtw4be4uQc1HHNqytPgtf+2vNS19fFueLQkdbrf1oYHqTpUQgb28hwDQ5O+I7wU1gA4nx/OER2CJ5YatvMA==",
      "requires": {
        "@open-wc/dedupe-mixin": "^1.3.0",
        "lit": "^2.0.0"
      }
    },
    "@vaadin/vaadin-usage-statistics": {
      "version": "2.1.0",
      "resolved": "https://registry.npmjs.org/@vaadin/vaadin-usage-statistics/-/vaadin-usage-statistics-2.1.0.tgz",
      "integrity": "sha512-e81nbqY5zsaYhLJuOVkJkB/Um1pGK5POIqIlTNhUfjeoyGaJ63tiX8+D5n6F+GgVxUTLUarsKa6SKRcQel0AzA==",
      "requires": {
        "@vaadin/vaadin-development-mode-detector": "^2.0.0"
      }
    },
    "@webcomponents/shadycss": {
      "version": "1.11.0",
      "resolved": "https://registry.npmjs.org/@webcomponents/shadycss/-/shadycss-1.11.0.tgz",
      "integrity": "sha512-L5O/+UPum8erOleNjKq6k58GVl3fNsEQdSOyh0EUhNmi7tHUyRuCJy1uqJiWydWcLARE5IPsMoPYMZmUGrz1JA=="
    },
    "esbuild": {
      "version": "0.13.15",
      "resolved": "https://registry.npmjs.org/esbuild/-/esbuild-0.13.15.tgz",
      "integrity": "sha512-raCxt02HBKv8RJxE8vkTSCXGIyKHdEdGfUmiYb8wnabnaEmHzyW7DCHb5tEN0xU8ryqg5xw54mcwnYkC4x3AIw==",
      "dev": true,
      "requires": {
        "esbuild-android-arm64": "0.13.15",
        "esbuild-darwin-64": "0.13.15",
        "esbuild-darwin-arm64": "0.13.15",
        "esbuild-freebsd-64": "0.13.15",
        "esbuild-freebsd-arm64": "0.13.15",
        "esbuild-linux-32": "0.13.15",
        "esbuild-linux-64": "0.13.15",
        "esbuild-linux-arm": "0.13.15",
        "esbuild-linux-arm64": "0.13.15",
        "esbuild-linux-mips64le": "0.13.15",
        "esbuild-linux-ppc64le": "0.13.15",
        "esbuild-netbsd-64": "0.13.15",
        "esbuild-openbsd-64": "0.13.15",
        "esbuild-sunos-64": "0.13.15",
        "esbuild-windows-32": "0.13.15",
        "esbuild-windows-64": "0.13.15",
        "esbuild-windows-arm64": "0.13.15"
      }
    },
    "esbuild-android-arm64": {
      "version": "0.13.15",
      "resolved": "https://registry.npmjs.org/esbuild-android-arm64/-/esbuild-android-arm64-0.13.15.tgz",
      "integrity": "sha512-m602nft/XXeO8YQPUDVoHfjyRVPdPgjyyXOxZ44MK/agewFFkPa8tUo6lAzSWh5Ui5PB4KR9UIFTSBKh/RrCmg==",
      "dev": true,
      "optional": true
    },
    "esbuild-darwin-64": {
      "version": "0.13.15",
      "resolved": "https://registry.npmjs.org/esbuild-darwin-64/-/esbuild-darwin-64-0.13.15.tgz",
      "integrity": "sha512-ihOQRGs2yyp7t5bArCwnvn2Atr6X4axqPpEdCFPVp7iUj4cVSdisgvEKdNR7yH3JDjW6aQDw40iQFoTqejqxvQ==",
      "dev": true,
      "optional": true
    },
    "esbuild-darwin-arm64": {
      "version": "0.13.15",
      "resolved": "https://registry.npmjs.org/esbuild-darwin-arm64/-/esbuild-darwin-arm64-0.13.15.tgz",
      "integrity": "sha512-i1FZssTVxUqNlJ6cBTj5YQj4imWy3m49RZRnHhLpefFIh0To05ow9DTrXROTE1urGTQCloFUXTX8QfGJy1P8dQ==",
      "dev": true,
      "optional": true
    },
    "esbuild-freebsd-64": {
      "version": "0.13.15",
      "resolved": "https://registry.npmjs.org/esbuild-freebsd-64/-/esbuild-freebsd-64-0.13.15.tgz",
      "integrity": "sha512-G3dLBXUI6lC6Z09/x+WtXBXbOYQZ0E8TDBqvn7aMaOCzryJs8LyVXKY4CPnHFXZAbSwkCbqiPuSQ1+HhrNk7EA==",
      "dev": true,
      "optional": true
    },
    "esbuild-freebsd-arm64": {
      "version": "0.13.15",
      "resolved": "https://registry.npmjs.org/esbuild-freebsd-arm64/-/esbuild-freebsd-arm64-0.13.15.tgz",
      "integrity": "sha512-KJx0fzEDf1uhNOZQStV4ujg30WlnwqUASaGSFPhznLM/bbheu9HhqZ6mJJZM32lkyfGJikw0jg7v3S0oAvtvQQ==",
      "dev": true,
      "optional": true
    },
    "esbuild-linux-32": {
      "version": "0.13.15",
      "resolved": "https://registry.npmjs.org/esbuild-linux-32/-/esbuild-linux-32-0.13.15.tgz",
      "integrity": "sha512-ZvTBPk0YWCLMCXiFmD5EUtB30zIPvC5Itxz0mdTu/xZBbbHJftQgLWY49wEPSn2T/TxahYCRDWun5smRa0Tu+g==",
      "dev": true,
      "optional": true
    },
    "esbuild-linux-64": {
      "version": "0.13.15",
      "resolved": "https://registry.npmjs.org/esbuild-linux-64/-/esbuild-linux-64-0.13.15.tgz",
      "integrity": "sha512-eCKzkNSLywNeQTRBxJRQ0jxRCl2YWdMB3+PkWFo2BBQYC5mISLIVIjThNtn6HUNqua1pnvgP5xX0nHbZbPj5oA==",
      "dev": true,
      "optional": true
    },
    "esbuild-linux-arm": {
      "version": "0.13.15",
      "resolved": "https://registry.npmjs.org/esbuild-linux-arm/-/esbuild-linux-arm-0.13.15.tgz",
      "integrity": "sha512-wUHttDi/ol0tD8ZgUMDH8Ef7IbDX+/UsWJOXaAyTdkT7Yy9ZBqPg8bgB/Dn3CZ9SBpNieozrPRHm0BGww7W/jA==",
      "dev": true,
      "optional": true
    },
    "esbuild-linux-arm64": {
      "version": "0.13.15",
      "resolved": "https://registry.npmjs.org/esbuild-linux-arm64/-/esbuild-linux-arm64-0.13.15.tgz",
      "integrity": "sha512-bYpuUlN6qYU9slzr/ltyLTR9YTBS7qUDymO8SV7kjeNext61OdmqFAzuVZom+OLW1HPHseBfJ/JfdSlx8oTUoA==",
      "dev": true,
      "optional": true
    },
    "esbuild-linux-mips64le": {
      "version": "0.13.15",
      "resolved": "https://registry.npmjs.org/esbuild-linux-mips64le/-/esbuild-linux-mips64le-0.13.15.tgz",
      "integrity": "sha512-KlVjIG828uFPyJkO/8gKwy9RbXhCEUeFsCGOJBepUlpa7G8/SeZgncUEz/tOOUJTcWMTmFMtdd3GElGyAtbSWg==",
      "dev": true,
      "optional": true
    },
    "esbuild-linux-ppc64le": {
      "version": "0.13.15",
      "resolved": "https://registry.npmjs.org/esbuild-linux-ppc64le/-/esbuild-linux-ppc64le-0.13.15.tgz",
      "integrity": "sha512-h6gYF+OsaqEuBjeesTBtUPw0bmiDu7eAeuc2OEH9S6mV9/jPhPdhOWzdeshb0BskRZxPhxPOjqZ+/OqLcxQwEQ==",
      "dev": true,
      "optional": true
    },
    "esbuild-netbsd-64": {
      "version": "0.13.15",
      "resolved": "https://registry.npmjs.org/esbuild-netbsd-64/-/esbuild-netbsd-64-0.13.15.tgz",
      "integrity": "sha512-3+yE9emwoevLMyvu+iR3rsa+Xwhie7ZEHMGDQ6dkqP/ndFzRHkobHUKTe+NCApSqG5ce2z4rFu+NX/UHnxlh3w==",
      "dev": true,
      "optional": true
    },
    "esbuild-openbsd-64": {
      "version": "0.13.15",
      "resolved": "https://registry.npmjs.org/esbuild-openbsd-64/-/esbuild-openbsd-64-0.13.15.tgz",
      "integrity": "sha512-wTfvtwYJYAFL1fSs8yHIdf5GEE4NkbtbXtjLWjM3Cw8mmQKqsg8kTiqJ9NJQe5NX/5Qlo7Xd9r1yKMMkHllp5g==",
      "dev": true,
      "optional": true
    },
    "esbuild-sunos-64": {
      "version": "0.13.15",
      "resolved": "https://registry.npmjs.org/esbuild-sunos-64/-/esbuild-sunos-64-0.13.15.tgz",
      "integrity": "sha512-lbivT9Bx3t1iWWrSnGyBP9ODriEvWDRiweAs69vI+miJoeKwHWOComSRukttbuzjZ8r1q0mQJ8Z7yUsDJ3hKdw==",
      "dev": true,
      "optional": true
    },
    "esbuild-windows-32": {
      "version": "0.13.15",
      "resolved": "https://registry.npmjs.org/esbuild-windows-32/-/esbuild-windows-32-0.13.15.tgz",
      "integrity": "sha512-fDMEf2g3SsJ599MBr50cY5ve5lP1wyVwTe6aLJsM01KtxyKkB4UT+fc5MXQFn3RLrAIAZOG+tHC+yXObpSn7Nw==",
      "dev": true,
      "optional": true
    },
    "esbuild-windows-64": {
      "version": "0.13.15",
      "resolved": "https://registry.npmjs.org/esbuild-windows-64/-/esbuild-windows-64-0.13.15.tgz",
      "integrity": "sha512-9aMsPRGDWCd3bGjUIKG/ZOJPKsiztlxl/Q3C1XDswO6eNX/Jtwu4M+jb6YDH9hRSUflQWX0XKAfWzgy5Wk54JQ==",
      "dev": true,
      "optional": true
    },
    "esbuild-windows-arm64": {
      "version": "0.13.15",
      "resolved": "https://registry.npmjs.org/esbuild-windows-arm64/-/esbuild-windows-arm64-0.13.15.tgz",
      "integrity": "sha512-zzvyCVVpbwQQATaf3IG8mu1IwGEiDxKkYUdA4FpoCHi1KtPa13jeScYDjlW0Qh+ebWzpKfR2ZwvqAQkSWNcKjA==",
      "dev": true,
      "optional": true
    },
    "fsevents": {
      "version": "2.3.2",
      "resolved": "https://registry.npmjs.org/fsevents/-/fsevents-2.3.2.tgz",
      "integrity": "sha512-xiqMQR4xAeHTuB9uWm+fFRcIOgKBMiOBP+eXiyT7jsgVCq1bkVygt00oASowB7EdtpOHaaPgKt812P9ab+DDKA==",
      "dev": true,
      "optional": true
    },
    "function-bind": {
      "version": "1.1.1",
      "resolved": "https://registry.npmjs.org/function-bind/-/function-bind-1.1.1.tgz",
      "integrity": "sha512-yIovAzMX49sF8Yl58fSCWJ5svSLuaibPxXQJFLmBObTuCr0Mf1KiPopGM9NiFjiYBCbfaa2Fh6breQ6ANVTI0A==",
      "dev": true
    },
    "has": {
      "version": "1.0.3",
      "resolved": "https://registry.npmjs.org/has/-/has-1.0.3.tgz",
      "integrity": "sha512-f2dvO0VU6Oej7RkWJGrehjbzMAjFp5/VKPp5tTpWIV4JHHZK1/BxbFRtf/siA2SWTe09caDmVtYYzWEIbBS4zw==",
      "dev": true,
      "requires": {
        "function-bind": "^1.1.1"
      }
    },
    "is-core-module": {
      "version": "2.8.1",
      "resolved": "https://registry.npmjs.org/is-core-module/-/is-core-module-2.8.1.tgz",
      "integrity": "sha512-SdNCUs284hr40hFTFP6l0IfZ/RSrMXF3qgoRHd3/79unUTvrFO/JoXwkGm+5J/Oe3E/b5GsnG330uUNgRpu1PA==",
      "dev": true,
      "requires": {
        "has": "^1.0.3"
      }
    },
    "lit": {
      "version": "2.1.1",
      "resolved": "https://registry.npmjs.org/lit/-/lit-2.1.1.tgz",
      "integrity": "sha512-yqDqf36IhXwOxIQSFqCMgpfvDCRdxLCLZl7m/+tO5C9W/OBHUj17qZpiMBT35v97QMVKcKEi1KZ3hZRyTwBNsQ==",
      "requires": {
        "@lit/reactive-element": "^1.1.0",
        "lit-element": "^3.1.0",
        "lit-html": "^2.1.0"
      }
    },
    "lit-element": {
      "version": "3.1.1",
      "resolved": "https://registry.npmjs.org/lit-element/-/lit-element-3.1.1.tgz",
      "integrity": "sha512-14ClnMAU8EXnzC+M2/KDd3SFmNUn1QUw1+GxWkEMwGV3iaH8ObunMlO5svzvaWlkSV0WlxJCi40NGnDVJ2XZKQ==",
      "requires": {
        "@lit/reactive-element": "^1.1.0",
        "lit-html": "^2.1.0"
      }
    },
    "lit-html": {
      "version": "2.1.1",
      "resolved": "https://registry.npmjs.org/lit-html/-/lit-html-2.1.1.tgz",
      "integrity": "sha512-E4BImK6lopAYanJpvcGaAG8kQFF1ccIulPu2BRNZI7acFB6i4ujjjsnaPVFT1j/4lD9r8GKih0Y8d7/LH8SeyQ==",
      "requires": {
        "@types/trusted-types": "^2.0.2"
      }
    },
    "nanoid": {
      "version": "3.1.32",
      "resolved": "https://registry.npmjs.org/nanoid/-/nanoid-3.1.32.tgz",
      "integrity": "sha512-F8mf7R3iT9bvThBoW4tGXhXFHCctyCiUUPrWF8WaTqa3h96d9QybkSeba43XVOOE3oiLfkVDe4bT8MeGmkrTxw==",
      "dev": true
    },
    "path-parse": {
      "version": "1.0.7",
      "resolved": "https://registry.npmjs.org/path-parse/-/path-parse-1.0.7.tgz",
      "integrity": "sha512-LDJzPVEEEPR+y48z93A0Ed0yXb8pAByGWo/k5YYdYgpY2/2EsOsksJrq7lOHxryrVOn1ejG6oAp8ahvOIQD8sw==",
      "dev": true
    },
    "picocolors": {
      "version": "1.0.0",
      "resolved": "https://registry.npmjs.org/picocolors/-/picocolors-1.0.0.tgz",
      "integrity": "sha512-1fygroTLlHu66zi26VoTDv8yRgm0Fccecssto+MhsZ0D/DGW2sm8E8AjW7NU5VVTRt5GxbeZ5qBuJr+HyLYkjQ==",
      "dev": true
    },
    "postcss": {
      "version": "8.4.5",
      "resolved": "https://registry.npmjs.org/postcss/-/postcss-8.4.5.tgz",
      "integrity": "sha512-jBDboWM8qpaqwkMwItqTQTiFikhs/67OYVvblFFTM7MrZjt6yMKd6r2kgXizEbTTljacm4NldIlZnhbjr84QYg==",
      "dev": true,
      "requires": {
        "nanoid": "^3.1.30",
        "picocolors": "^1.0.0",
        "source-map-js": "^1.0.1"
      }
    },
    "resolve": {
      "version": "1.21.0",
      "resolved": "https://registry.npmjs.org/resolve/-/resolve-1.21.0.tgz",
      "integrity": "sha512-3wCbTpk5WJlyE4mSOtDLhqQmGFi0/TD9VPwmiolnk8U0wRgMEktqCXd3vy5buTO3tljvalNvKrjHEfrd2WpEKA==",
      "dev": true,
      "requires": {
        "is-core-module": "^2.8.0",
        "path-parse": "^1.0.7",
        "supports-preserve-symlinks-flag": "^1.0.0"
      }
    },
    "rollup": {
      "version": "2.64.0",
      "resolved": "https://registry.npmjs.org/rollup/-/rollup-2.64.0.tgz",
      "integrity": "sha512-+c+lbw1lexBKSMb1yxGDVfJ+vchJH3qLbmavR+awDinTDA2C5Ug9u7lkOzj62SCu0PKUExsW36tpgW7Fmpn3yQ==",
      "dev": true,
      "requires": {
        "fsevents": "~2.3.2"
      }
    },
    "source-map-js": {
      "version": "1.0.1",
      "resolved": "https://registry.npmjs.org/source-map-js/-/source-map-js-1.0.1.tgz",
      "integrity": "sha512-4+TN2b3tqOCd/kaGRJ/sTYA0tR0mdXx26ipdolxcwtJVqEnqNYvlCAt1q3ypy4QMlYus+Zh34RNtYLoq2oQ4IA==",
      "dev": true
    },
    "supports-preserve-symlinks-flag": {
      "version": "1.0.0",
      "resolved": "https://registry.npmjs.org/supports-preserve-symlinks-flag/-/supports-preserve-symlinks-flag-1.0.0.tgz",
      "integrity": "sha512-ot0WnXS9fgdkgIcePe6RHNk1WA8+muPa6cSjeR3V8K27q9BB1rTE3R1p7Hv0z1ZyAc8s6Vvv8DIyWf681MAt0w==",
      "dev": true
    },
    "typescript": {
      "version": "4.5.4",
      "resolved": "https://registry.npmjs.org/typescript/-/typescript-4.5.4.tgz",
      "integrity": "sha512-VgYs2A2QIRuGphtzFV7aQJduJ2gyfTljngLzjpfW9FoYZF6xuw1W0vW9ghCKLfcWrCFxK81CSGRAvS1pn4fIUg==",
      "dev": true
    },
    "vite": {
      "version": "2.7.12",
      "resolved": "https://registry.npmjs.org/vite/-/vite-2.7.12.tgz",
      "integrity": "sha512-KvPYToRQWhRfBeVkyhkZ5hASuHQkqZUUdUcE3xyYtq5oYEPIJ0h9LWiWTO6v990glmSac2cEPeYeXzpX5Z6qKQ==",
      "dev": true,
      "requires": {
        "esbuild": "^0.13.12",
        "fsevents": "~2.3.2",
        "postcss": "^8.4.5",
        "resolve": "^1.20.0",
        "rollup": "^2.59.0"
      }
    }
  }
}
